
Microsoft Visual Studio Solution File, Format Version 12.00
# Visual Studio Version 17
VisualStudioVersion = 17.9.34723.18
MinimumVisualStudioVersion = 10.0.40219.1
Project("{9A19103F-16F7-4668-BE54-9A1E7A4F7556}") = "BusinessObject", "BusinessObject\BusinessObject.csproj", "{65055DC3-A806-455D-93F0-80375CA7ADC1}"
EndProject
Project("{9A19103F-16F7-4668-BE54-9A1E7A4F7556}") = "Service", "Service\Service.csproj", "{50629E58-69B7-412F-8F98-96B38FAA03D8}"
EndProject
Project("{9A19103F-16F7-4668-BE54-9A1E7A4F7556}") = "DataAccess", "DataAccess\DataAccess.csproj", "{5AD8CD6F-0ACD-42C6-8D25-379A4331E83D}"
EndProject
Project("{9A19103F-16F7-4668-BE54-9A1E7A4F7556}") = "Repository", "Repository\Repository.csproj", "{7ECE69FF-550A-401E-A34F-6C85E558915B}"
EndProject
Project("{9A19103F-16F7-4668-BE54-9A1E7A4F7556}") = "FUNewsWPF", "FUNewsWPF\FUNewsWPF.csproj", "{BBBFB6C7-C65F-4164-A46C-DD09E28C6695}"
EndProject
Global
	GlobalSection(SolutionConfigurationPlatforms) = preSolution
		Debug|Any CPU = Debug|Any CPU
		Release|Any CPU = Release|Any CPU
	EndGlobalSection
	GlobalSection(ProjectConfigurationPlatforms) = postSolution
		{65055DC3-A806-455D-93F0-80375CA7ADC1}.Debug|Any CPU.ActiveCfg = Debug|Any CPU
		{65055DC3-A806-455D-93F0-80375CA7ADC1}.Debug|Any CPU.Build.0 = Debug|Any CPU
		{65055DC3-A806-455D-93F0-80375CA7ADC1}.Release|Any CPU.ActiveCfg = Release|Any CPU
		{65055DC3-A806-455D-93F0-80375CA7ADC1}.Release|Any CPU.Build.0 = Release|Any CPU
		{50629E58-69B7-412F-8F98-96B38FAA03D8}.Debug|Any CPU.ActiveCfg = Debug|Any CPU
		{50629E58-69B7-412F-8F98-96B38FAA03D8}.Debug|Any CPU.Build.0 = Debug|Any CPU
		{50629E58-69B7-412F-8F98-96B38FAA03D8}.Release|Any CPU.ActiveCfg = Release|Any CPU
		{50629E58-69B7-412F-8F98-96B38FAA03D8}.Release|Any CPU.Build.0 = Release|Any CPU
		{5AD8CD6F-0ACD-42C6-8D25-379A4331E83D}.Debug|Any CPU.ActiveCfg = Debug|Any CPU
		{5AD8CD6F-0ACD-42C6-8D25-379A4331E83D}.Debug|Any CPU.Build.0 = Debug|Any CPU
		{5AD8CD6F-0ACD-42C6-8D25-379A4331E83D}.Release|Any CPU.ActiveCfg = Release|Any CPU
		{5AD8CD6F-0ACD-42C6-8D25-379A4331E83D}.Release|Any CPU.Build.0 = Release|Any CPU
		{7ECE69FF-550A-401E-A34F-6C85E558915B}.Debug|Any CPU.ActiveCfg = Debug|Any CPU
		{7ECE69FF-550A-401E-A34F-6C85E558915B}.Debug|Any CPU.Build.0 = Debug|Any CPU
		{7ECE69FF-550A-401E-A34F-6C85E558915B}.Release|Any CPU.ActiveCfg = Release|Any CPU
		{7ECE69FF-550A-401E-A34F-6C85E558915B}.Release|Any CPU.Build.0 = Release|Any CPU
		{BBBFB6C7-C65F-4164-A46C-DD09E28C6695}.Debug|Any CPU.ActiveCfg = Debug|Any CPU
		{BBBFB6C7-C65F-4164-A46C-DD09E28C6695}.Debug|Any CPU.Build.0 = Debug|Any CPU
		{BBBFB6C7-C65F-4164-A46C-DD09E28C6695}.Release|Any CPU.ActiveCfg = Release|Any CPU
		{BBBFB6C7-C65F-4164-A46C-DD09E28C6695}.Release|Any CPU.Build.0 = Release|Any CPU
	EndGlobalSection
	GlobalSection(SolutionProperties) = preSolution
		HideSolutionNode = FALSE
	EndGlobalSection
	GlobalSection(ExtensibilityGlobals) = postSolution
		SolutionGuid = {EF12DA2B-2CB5-41D0-B179-B87204FFF697}
	EndGlobalSection
EndGlobal
